
Microsoft Visual Studio Solution File, Format Version 12.00
# Visual Studio 15
VisualStudioVersion = 15.0.27130.2026
MinimumVisualStudioVersion = 10.0.40219.1
Project("{9A19103F-16F7-4668-BE54-9A1E7A4F7556}") = "01.Shapes", "01.Shapes\01.Shapes.csproj", "{AA167381-1209-4014-B16A-DACF6E419CAE}"
EndProject
Project("{FAE04EC0-301F-11D3-BF4B-00C04F79EFBC}") = "02.Cars", "02.Cars\02.Cars.csproj", "{68A8C413-C8F9-434C-B399-2E807F14B089}"
EndProject
Global
	GlobalSection(SolutionConfigurationPlatforms) = preSolution
		Debug|Any CPU = Debug|Any CPU
		Release|Any CPU = Release|Any CPU
	EndGlobalSection
	GlobalSection(ProjectConfigurationPlatforms) = postSolution
		{AA167381-1209-4014-B16A-DACF6E419CAE}.Debug|Any CPU.ActiveCfg = Debug|Any CPU
		{AA167381-1209-4014-B16A-DACF6E419CAE}.Debug|Any CPU.Build.0 = Debug|Any CPU
		{AA167381-1209-4014-B16A-DACF6E419CAE}.Release|Any CPU.ActiveCfg = Release|Any CPU
		{AA167381-1209-4014-B16A-DACF6E419CAE}.Release|Any CPU.Build.0 = Release|Any CPU
		{68A8C413-C8F9-434C-B399-2E807F14B089}.Debug|Any CPU.ActiveCfg = Debug|Any CPU
		{68A8C413-C8F9-434C-B399-2E807F14B089}.Debug|Any CPU.Build.0 = Debug|Any CPU
		{68A8C413-C8F9-434C-B399-2E807F14B089}.Release|Any CPU.ActiveCfg = Release|Any CPU
		{68A8C413-C8F9-434C-B399-2E807F14B089}.Release|Any CPU.Build.0 = Release|Any CPU
	EndGlobalSection
	GlobalSection(SolutionProperties) = preSolution
		HideSolutionNode = FALSE
	EndGlobalSection
	GlobalSection(ExtensibilityGlobals) = postSolution
		SolutionGuid = {99EE8199-C9EC-4373-9B71-A6892E44A8B2}
	EndGlobalSection
EndGlobal
