
Microsoft Visual Studio Solution File, Format Version 12.00
# Visual Studio 15
VisualStudioVersion = 15.0.27130.2026
MinimumVisualStudioVersion = 10.0.40219.1
Project("{9A19103F-16F7-4668-BE54-9A1E7A4F7556}") = "01. Define a Class Person", "01. Define a Class Person\01. Define a Class Person.csproj", "{1166DC56-7E6E-45F0-AD22-77C404985575}"
EndProject
Project("{9A19103F-16F7-4668-BE54-9A1E7A4F7556}") = "02.Creating_Constructors", "02.Creating_Constructors\02.Creating_Constructors.csproj", "{F6F3D7E1-72CC-4B45-99E5-2CC9CD8DF962}"
EndProject
Project("{9A19103F-16F7-4668-BE54-9A1E7A4F7556}") = "03.Oldest_Family_Member", "03.Oldest_Family_Member\03.Oldest_Family_Member.csproj", "{96234239-D8C0-42C0-B7D5-A015AD567923}"
EndProject
Project("{9A19103F-16F7-4668-BE54-9A1E7A4F7556}") = "04.Opinion_Poll", "04. Opinion Poll\04.Opinion_Poll.csproj", "{3FB132FC-8330-472D-B14F-D68D56F6A821}"
EndProject
Project("{9A19103F-16F7-4668-BE54-9A1E7A4F7556}") = "05.Date_Modifier", "05.Date_Modifier\05.Date_Modifier.csproj", "{90517169-A350-4B88-9D30-41084EAA2C94}"
EndProject
Project("{9A19103F-16F7-4668-BE54-9A1E7A4F7556}") = "06.Company_Roster", "06.Company_Roster\06.Company_Roster.csproj", "{E6C75FD8-83B9-49B3-9E74-564F61DCBB98}"
EndProject
Project("{9A19103F-16F7-4668-BE54-9A1E7A4F7556}") = "07.Speed_Racing", "07.Speed_Racing\07.Speed_Racing.csproj", "{D95B09C6-A562-477B-A0FC-92F1C03570B8}"
EndProject
Project("{9A19103F-16F7-4668-BE54-9A1E7A4F7556}") = "08.Raw_Data", "08.Raw_Data\08.Raw_Data.csproj", "{A3772333-7201-472E-AB06-702CB5C8569A}"
EndProject
Project("{FAE04EC0-301F-11D3-BF4B-00C04F79EFBC}") = "09.Rectangle_Intersection", "09. Rectangle Intersection\09.Rectangle_Intersection.csproj", "{0459573F-921D-4B23-96DA-06ABB3F20F5B}"
EndProject
Project("{FAE04EC0-301F-11D3-BF4B-00C04F79EFBC}") = "10.Car_Salesman", "10. Car Salesman\10.Car_Salesman.csproj", "{042C7F79-6767-4C6A-B00E-E5A468A8E0EB}"
EndProject
Project("{FAE04EC0-301F-11D3-BF4B-00C04F79EFBC}") = "11.Pokemon_Trainer", "11.Pokemon_Trainer\11.Pokemon_Trainer.csproj", "{EBD25C1D-C08C-4574-9A28-EDC0CF57F660}"
EndProject
Project("{FAE04EC0-301F-11D3-BF4B-00C04F79EFBC}") = "12.Google", "12. Google\12.Google.csproj", "{FCB1C56D-0A54-493F-8DBD-9F666F9A1BB8}"
EndProject
Project("{FAE04EC0-301F-11D3-BF4B-00C04F79EFBC}") = "13.Family_Tree", "13.Family_Tree\13.Family_Tree.csproj", "{319F9141-F2B6-4F95-970B-D4F6C1CBC2C8}"
EndProject
Global
	GlobalSection(SolutionConfigurationPlatforms) = preSolution
		Debug|Any CPU = Debug|Any CPU
		Release|Any CPU = Release|Any CPU
	EndGlobalSection
	GlobalSection(ProjectConfigurationPlatforms) = postSolution
		{1166DC56-7E6E-45F0-AD22-77C404985575}.Debug|Any CPU.ActiveCfg = Debug|Any CPU
		{1166DC56-7E6E-45F0-AD22-77C404985575}.Debug|Any CPU.Build.0 = Debug|Any CPU
		{1166DC56-7E6E-45F0-AD22-77C404985575}.Release|Any CPU.ActiveCfg = Release|Any CPU
		{1166DC56-7E6E-45F0-AD22-77C404985575}.Release|Any CPU.Build.0 = Release|Any CPU
		{F6F3D7E1-72CC-4B45-99E5-2CC9CD8DF962}.Debug|Any CPU.ActiveCfg = Debug|Any CPU
		{F6F3D7E1-72CC-4B45-99E5-2CC9CD8DF962}.Debug|Any CPU.Build.0 = Debug|Any CPU
		{F6F3D7E1-72CC-4B45-99E5-2CC9CD8DF962}.Release|Any CPU.ActiveCfg = Release|Any CPU
		{F6F3D7E1-72CC-4B45-99E5-2CC9CD8DF962}.Release|Any CPU.Build.0 = Release|Any CPU
		{96234239-D8C0-42C0-B7D5-A015AD567923}.Debug|Any CPU.ActiveCfg = Debug|Any CPU
		{96234239-D8C0-42C0-B7D5-A015AD567923}.Debug|Any CPU.Build.0 = Debug|Any CPU
		{96234239-D8C0-42C0-B7D5-A015AD567923}.Release|Any CPU.ActiveCfg = Release|Any CPU
		{96234239-D8C0-42C0-B7D5-A015AD567923}.Release|Any CPU.Build.0 = Release|Any CPU
		{3FB132FC-8330-472D-B14F-D68D56F6A821}.Debug|Any CPU.ActiveCfg = Debug|Any CPU
		{3FB132FC-8330-472D-B14F-D68D56F6A821}.Debug|Any CPU.Build.0 = Debug|Any CPU
		{3FB132FC-8330-472D-B14F-D68D56F6A821}.Release|Any CPU.ActiveCfg = Release|Any CPU
		{3FB132FC-8330-472D-B14F-D68D56F6A821}.Release|Any CPU.Build.0 = Release|Any CPU
		{90517169-A350-4B88-9D30-41084EAA2C94}.Debug|Any CPU.ActiveCfg = Debug|Any CPU
		{90517169-A350-4B88-9D30-41084EAA2C94}.Debug|Any CPU.Build.0 = Debug|Any CPU
		{90517169-A350-4B88-9D30-41084EAA2C94}.Release|Any CPU.ActiveCfg = Release|Any CPU
		{90517169-A350-4B88-9D30-41084EAA2C94}.Release|Any CPU.Build.0 = Release|Any CPU
		{E6C75FD8-83B9-49B3-9E74-564F61DCBB98}.Debug|Any CPU.ActiveCfg = Debug|Any CPU
		{E6C75FD8-83B9-49B3-9E74-564F61DCBB98}.Debug|Any CPU.Build.0 = Debug|Any CPU
		{E6C75FD8-83B9-49B3-9E74-564F61DCBB98}.Release|Any CPU.ActiveCfg = Release|Any CPU
		{E6C75FD8-83B9-49B3-9E74-564F61DCBB98}.Release|Any CPU.Build.0 = Release|Any CPU
		{D95B09C6-A562-477B-A0FC-92F1C03570B8}.Debug|Any CPU.ActiveCfg = Debug|Any CPU
		{D95B09C6-A562-477B-A0FC-92F1C03570B8}.Debug|Any CPU.Build.0 = Debug|Any CPU
		{D95B09C6-A562-477B-A0FC-92F1C03570B8}.Release|Any CPU.ActiveCfg = Release|Any CPU
		{D95B09C6-A562-477B-A0FC-92F1C03570B8}.Release|Any CPU.Build.0 = Release|Any CPU
		{A3772333-7201-472E-AB06-702CB5C8569A}.Debug|Any CPU.ActiveCfg = Debug|Any CPU
		{A3772333-7201-472E-AB06-702CB5C8569A}.Debug|Any CPU.Build.0 = Debug|Any CPU
		{A3772333-7201-472E-AB06-702CB5C8569A}.Release|Any CPU.ActiveCfg = Release|Any CPU
		{A3772333-7201-472E-AB06-702CB5C8569A}.Release|Any CPU.Build.0 = Release|Any CPU
		{0459573F-921D-4B23-96DA-06ABB3F20F5B}.Debug|Any CPU.ActiveCfg = Debug|Any CPU
		{0459573F-921D-4B23-96DA-06ABB3F20F5B}.Debug|Any CPU.Build.0 = Debug|Any CPU
		{0459573F-921D-4B23-96DA-06ABB3F20F5B}.Release|Any CPU.ActiveCfg = Release|Any CPU
		{0459573F-921D-4B23-96DA-06ABB3F20F5B}.Release|Any CPU.Build.0 = Release|Any CPU
		{042C7F79-6767-4C6A-B00E-E5A468A8E0EB}.Debug|Any CPU.ActiveCfg = Debug|Any CPU
		{042C7F79-6767-4C6A-B00E-E5A468A8E0EB}.Debug|Any CPU.Build.0 = Debug|Any CPU
		{042C7F79-6767-4C6A-B00E-E5A468A8E0EB}.Release|Any CPU.ActiveCfg = Release|Any CPU
		{042C7F79-6767-4C6A-B00E-E5A468A8E0EB}.Release|Any CPU.Build.0 = Release|Any CPU
		{EBD25C1D-C08C-4574-9A28-EDC0CF57F660}.Debug|Any CPU.ActiveCfg = Debug|Any CPU
		{EBD25C1D-C08C-4574-9A28-EDC0CF57F660}.Debug|Any CPU.Build.0 = Debug|Any CPU
		{EBD25C1D-C08C-4574-9A28-EDC0CF57F660}.Release|Any CPU.ActiveCfg = Release|Any CPU
		{EBD25C1D-C08C-4574-9A28-EDC0CF57F660}.Release|Any CPU.Build.0 = Release|Any CPU
		{FCB1C56D-0A54-493F-8DBD-9F666F9A1BB8}.Debug|Any CPU.ActiveCfg = Debug|Any CPU
		{FCB1C56D-0A54-493F-8DBD-9F666F9A1BB8}.Debug|Any CPU.Build.0 = Debug|Any CPU
		{FCB1C56D-0A54-493F-8DBD-9F666F9A1BB8}.Release|Any CPU.ActiveCfg = Release|Any CPU
		{FCB1C56D-0A54-493F-8DBD-9F666F9A1BB8}.Release|Any CPU.Build.0 = Release|Any CPU
		{319F9141-F2B6-4F95-970B-D4F6C1CBC2C8}.Debug|Any CPU.ActiveCfg = Debug|Any CPU
		{319F9141-F2B6-4F95-970B-D4F6C1CBC2C8}.Debug|Any CPU.Build.0 = Debug|Any CPU
		{319F9141-F2B6-4F95-970B-D4F6C1CBC2C8}.Release|Any CPU.ActiveCfg = Release|Any CPU
		{319F9141-F2B6-4F95-970B-D4F6C1CBC2C8}.Release|Any CPU.Build.0 = Release|Any CPU
	EndGlobalSection
	GlobalSection(SolutionProperties) = preSolution
		HideSolutionNode = FALSE
	EndGlobalSection
	GlobalSection(ExtensibilityGlobals) = postSolution
		SolutionGuid = {336C9EE3-E922-432A-9EF2-48DED9398E3C}
	EndGlobalSection
EndGlobal
