
Microsoft Visual Studio Solution File, Format Version 12.00
# Visual Studio 15
VisualStudioVersion = 15.0.27130.2026
MinimumVisualStudioVersion = 10.0.40219.1
Project("{9A19103F-16F7-4668-BE54-9A1E7A4F7556}") = "02. Line Numbers", "02. Line Numbers\02. Line Numbers.csproj", "{FCDF2285-67A2-472D-965E-D1A69F94DF19}"
EndProject
Project("{FAE04EC0-301F-11D3-BF4B-00C04F79EFBC}") = "03. Word Count", "Word Count\03. Word Count.csproj", "{83B3D036-E97B-4F08-91AD-4925E28ECD13}"
EndProject
Project("{9A19103F-16F7-4668-BE54-9A1E7A4F7556}") = "04. Copy Binary File", "04. Copy Binary File\04. Copy Binary File.csproj", "{BF167D5F-901C-4135-AF45-A7F04A176AC0}"
EndProject
Project("{9A19103F-16F7-4668-BE54-9A1E7A4F7556}") = "05. Slicing File", "05. Slicing File\05. Slicing File.csproj", "{900237B6-3E99-495C-8EC6-A4F48A5A4F8C}"
EndProject
Project("{9A19103F-16F7-4668-BE54-9A1E7A4F7556}") = "06. Zipping Sliced Files", "06. Zipping Sliced Files\06. Zipping Sliced Files.csproj", "{6B875D04-7A66-4359-A49C-C23683CADB42}"
EndProject
Project("{9A19103F-16F7-4668-BE54-9A1E7A4F7556}") = "07. Directory Traversal", "07. Directory Traversal\07. Directory Traversal.csproj", "{C242DBD3-28D6-450E-9FB7-A6F6B9A5FC53}"
EndProject
Project("{9A19103F-16F7-4668-BE54-9A1E7A4F7556}") = "01. Odd Liness", "01. Odd Liness\01. Odd Liness.csproj", "{A03D30F5-75FD-4114-9604-62C09ADEFF35}"
EndProject
Global
	GlobalSection(SolutionConfigurationPlatforms) = preSolution
		Debug|Any CPU = Debug|Any CPU
		Release|Any CPU = Release|Any CPU
	EndGlobalSection
	GlobalSection(ProjectConfigurationPlatforms) = postSolution
		{FCDF2285-67A2-472D-965E-D1A69F94DF19}.Debug|Any CPU.ActiveCfg = Debug|Any CPU
		{FCDF2285-67A2-472D-965E-D1A69F94DF19}.Debug|Any CPU.Build.0 = Debug|Any CPU
		{FCDF2285-67A2-472D-965E-D1A69F94DF19}.Release|Any CPU.ActiveCfg = Release|Any CPU
		{FCDF2285-67A2-472D-965E-D1A69F94DF19}.Release|Any CPU.Build.0 = Release|Any CPU
		{83B3D036-E97B-4F08-91AD-4925E28ECD13}.Debug|Any CPU.ActiveCfg = Debug|Any CPU
		{83B3D036-E97B-4F08-91AD-4925E28ECD13}.Debug|Any CPU.Build.0 = Debug|Any CPU
		{83B3D036-E97B-4F08-91AD-4925E28ECD13}.Release|Any CPU.ActiveCfg = Release|Any CPU
		{83B3D036-E97B-4F08-91AD-4925E28ECD13}.Release|Any CPU.Build.0 = Release|Any CPU
		{BF167D5F-901C-4135-AF45-A7F04A176AC0}.Debug|Any CPU.ActiveCfg = Debug|Any CPU
		{BF167D5F-901C-4135-AF45-A7F04A176AC0}.Debug|Any CPU.Build.0 = Debug|Any CPU
		{BF167D5F-901C-4135-AF45-A7F04A176AC0}.Release|Any CPU.ActiveCfg = Release|Any CPU
		{BF167D5F-901C-4135-AF45-A7F04A176AC0}.Release|Any CPU.Build.0 = Release|Any CPU
		{900237B6-3E99-495C-8EC6-A4F48A5A4F8C}.Debug|Any CPU.ActiveCfg = Debug|Any CPU
		{900237B6-3E99-495C-8EC6-A4F48A5A4F8C}.Debug|Any CPU.Build.0 = Debug|Any CPU
		{900237B6-3E99-495C-8EC6-A4F48A5A4F8C}.Release|Any CPU.ActiveCfg = Release|Any CPU
		{900237B6-3E99-495C-8EC6-A4F48A5A4F8C}.Release|Any CPU.Build.0 = Release|Any CPU
		{6B875D04-7A66-4359-A49C-C23683CADB42}.Debug|Any CPU.ActiveCfg = Debug|Any CPU
		{6B875D04-7A66-4359-A49C-C23683CADB42}.Debug|Any CPU.Build.0 = Debug|Any CPU
		{6B875D04-7A66-4359-A49C-C23683CADB42}.Release|Any CPU.ActiveCfg = Release|Any CPU
		{6B875D04-7A66-4359-A49C-C23683CADB42}.Release|Any CPU.Build.0 = Release|Any CPU
		{C242DBD3-28D6-450E-9FB7-A6F6B9A5FC53}.Debug|Any CPU.ActiveCfg = Debug|Any CPU
		{C242DBD3-28D6-450E-9FB7-A6F6B9A5FC53}.Debug|Any CPU.Build.0 = Debug|Any CPU
		{C242DBD3-28D6-450E-9FB7-A6F6B9A5FC53}.Release|Any CPU.ActiveCfg = Release|Any CPU
		{C242DBD3-28D6-450E-9FB7-A6F6B9A5FC53}.Release|Any CPU.Build.0 = Release|Any CPU
		{A03D30F5-75FD-4114-9604-62C09ADEFF35}.Debug|Any CPU.ActiveCfg = Debug|Any CPU
		{A03D30F5-75FD-4114-9604-62C09ADEFF35}.Debug|Any CPU.Build.0 = Debug|Any CPU
		{A03D30F5-75FD-4114-9604-62C09ADEFF35}.Release|Any CPU.ActiveCfg = Release|Any CPU
		{A03D30F5-75FD-4114-9604-62C09ADEFF35}.Release|Any CPU.Build.0 = Release|Any CPU
	EndGlobalSection
	GlobalSection(SolutionProperties) = preSolution
		HideSolutionNode = FALSE
	EndGlobalSection
	GlobalSection(ExtensibilityGlobals) = postSolution
		SolutionGuid = {324D64B3-4BFD-4442-BE57-5373EA1101C8}
	EndGlobalSection
EndGlobal
