
Microsoft Visual Studio Solution File, Format Version 12.00
# Visual Studio 15
VisualStudioVersion = 15.0.27130.2026
MinimumVisualStudioVersion = 10.0.40219.1
Project("{9A19103F-16F7-4668-BE54-9A1E7A4F7556}") = "01. Bank Account", "01. Bank Account\01. Bank Account.csproj", "{07D486BC-1238-406E-9491-753599549CE9}"
EndProject
Project("{9A19103F-16F7-4668-BE54-9A1E7A4F7556}") = "02. Bank Account Methods", "02. Bank Account Methods\02. Bank Account Methods.csproj", "{A96E087D-03F5-494F-B7D5-0605A05A7D13}"
EndProject
Project("{9A19103F-16F7-4668-BE54-9A1E7A4F7556}") = "03.Test_Client", "03. Test Client\03.Test_Client.csproj", "{4D2EBCAE-EFB4-4BFE-BCE0-B77F6A49095F}"
EndProject
Project("{FAE04EC0-301F-11D3-BF4B-00C04F79EFBC}") = "04.Person_Class", "04.Person_Class\04.Person_Class.csproj", "{6132358A-0ACC-43CA-965B-78AD3E87356E}"
EndProject
Global
	GlobalSection(SolutionConfigurationPlatforms) = preSolution
		Debug|Any CPU = Debug|Any CPU
		Release|Any CPU = Release|Any CPU
	EndGlobalSection
	GlobalSection(ProjectConfigurationPlatforms) = postSolution
		{07D486BC-1238-406E-9491-753599549CE9}.Debug|Any CPU.ActiveCfg = Debug|Any CPU
		{07D486BC-1238-406E-9491-753599549CE9}.Debug|Any CPU.Build.0 = Debug|Any CPU
		{07D486BC-1238-406E-9491-753599549CE9}.Release|Any CPU.ActiveCfg = Release|Any CPU
		{07D486BC-1238-406E-9491-753599549CE9}.Release|Any CPU.Build.0 = Release|Any CPU
		{A96E087D-03F5-494F-B7D5-0605A05A7D13}.Debug|Any CPU.ActiveCfg = Debug|Any CPU
		{A96E087D-03F5-494F-B7D5-0605A05A7D13}.Debug|Any CPU.Build.0 = Debug|Any CPU
		{A96E087D-03F5-494F-B7D5-0605A05A7D13}.Release|Any CPU.ActiveCfg = Release|Any CPU
		{A96E087D-03F5-494F-B7D5-0605A05A7D13}.Release|Any CPU.Build.0 = Release|Any CPU
		{4D2EBCAE-EFB4-4BFE-BCE0-B77F6A49095F}.Debug|Any CPU.ActiveCfg = Debug|Any CPU
		{4D2EBCAE-EFB4-4BFE-BCE0-B77F6A49095F}.Debug|Any CPU.Build.0 = Debug|Any CPU
		{4D2EBCAE-EFB4-4BFE-BCE0-B77F6A49095F}.Release|Any CPU.ActiveCfg = Release|Any CPU
		{4D2EBCAE-EFB4-4BFE-BCE0-B77F6A49095F}.Release|Any CPU.Build.0 = Release|Any CPU
		{6132358A-0ACC-43CA-965B-78AD3E87356E}.Debug|Any CPU.ActiveCfg = Debug|Any CPU
		{6132358A-0ACC-43CA-965B-78AD3E87356E}.Debug|Any CPU.Build.0 = Debug|Any CPU
		{6132358A-0ACC-43CA-965B-78AD3E87356E}.Release|Any CPU.ActiveCfg = Release|Any CPU
		{6132358A-0ACC-43CA-965B-78AD3E87356E}.Release|Any CPU.Build.0 = Release|Any CPU
	EndGlobalSection
	GlobalSection(SolutionProperties) = preSolution
		HideSolutionNode = FALSE
	EndGlobalSection
	GlobalSection(ExtensibilityGlobals) = postSolution
		SolutionGuid = {267B02DE-A91E-45C1-864F-67DA3AD37C12}
	EndGlobalSection
EndGlobal
