
Microsoft Visual Studio Solution File, Format Version 12.00
# Visual Studio 15
VisualStudioVersion = 15.0.27130.2026
MinimumVisualStudioVersion = 10.0.40219.1
Project("{9A19103F-16F7-4668-BE54-9A1E7A4F7556}") = "01.Class_Box", "01.Class_Box\01.Class_Box.csproj", "{4042F03C-6460-47DB-89E8-236F430A24D1}"
EndProject
Project("{9A19103F-16F7-4668-BE54-9A1E7A4F7556}") = "04.Shopping_Spree", "04.Shopping_Spree\04.Shopping_Spree.csproj", "{26456E37-EF8B-4E60-9D13-66D9B628095C}"
EndProject
Project("{9A19103F-16F7-4668-BE54-9A1E7A4F7556}") = "05. Pizza Calories", "05. Pizza Calories\05. Pizza Calories.csproj", "{304FE1BD-74B4-4AD8-B8EE-29F129769329}"
EndProject
Project("{FAE04EC0-301F-11D3-BF4B-00C04F79EFBC}") = "02.Class_Box_Data_Validation", "02.Class_Box_Data_Validation\02.Class_Box_Data_Validation.csproj", "{2BFF07B4-AE50-4079-8B5B-904A7A80F795}"
EndProject
Global
	GlobalSection(SolutionConfigurationPlatforms) = preSolution
		Debug|Any CPU = Debug|Any CPU
		Release|Any CPU = Release|Any CPU
	EndGlobalSection
	GlobalSection(ProjectConfigurationPlatforms) = postSolution
		{4042F03C-6460-47DB-89E8-236F430A24D1}.Debug|Any CPU.ActiveCfg = Debug|Any CPU
		{4042F03C-6460-47DB-89E8-236F430A24D1}.Debug|Any CPU.Build.0 = Debug|Any CPU
		{4042F03C-6460-47DB-89E8-236F430A24D1}.Release|Any CPU.ActiveCfg = Release|Any CPU
		{4042F03C-6460-47DB-89E8-236F430A24D1}.Release|Any CPU.Build.0 = Release|Any CPU
		{26456E37-EF8B-4E60-9D13-66D9B628095C}.Debug|Any CPU.ActiveCfg = Debug|Any CPU
		{26456E37-EF8B-4E60-9D13-66D9B628095C}.Debug|Any CPU.Build.0 = Debug|Any CPU
		{26456E37-EF8B-4E60-9D13-66D9B628095C}.Release|Any CPU.ActiveCfg = Release|Any CPU
		{26456E37-EF8B-4E60-9D13-66D9B628095C}.Release|Any CPU.Build.0 = Release|Any CPU
		{304FE1BD-74B4-4AD8-B8EE-29F129769329}.Debug|Any CPU.ActiveCfg = Debug|Any CPU
		{304FE1BD-74B4-4AD8-B8EE-29F129769329}.Debug|Any CPU.Build.0 = Debug|Any CPU
		{304FE1BD-74B4-4AD8-B8EE-29F129769329}.Release|Any CPU.ActiveCfg = Release|Any CPU
		{304FE1BD-74B4-4AD8-B8EE-29F129769329}.Release|Any CPU.Build.0 = Release|Any CPU
		{2BFF07B4-AE50-4079-8B5B-904A7A80F795}.Debug|Any CPU.ActiveCfg = Debug|Any CPU
		{2BFF07B4-AE50-4079-8B5B-904A7A80F795}.Debug|Any CPU.Build.0 = Debug|Any CPU
		{2BFF07B4-AE50-4079-8B5B-904A7A80F795}.Release|Any CPU.ActiveCfg = Release|Any CPU
		{2BFF07B4-AE50-4079-8B5B-904A7A80F795}.Release|Any CPU.Build.0 = Release|Any CPU
	EndGlobalSection
	GlobalSection(SolutionProperties) = preSolution
		HideSolutionNode = FALSE
	EndGlobalSection
	GlobalSection(ExtensibilityGlobals) = postSolution
		SolutionGuid = {E05D6D23-4102-4007-961D-DA0E3115147D}
	EndGlobalSection
EndGlobal
